
Microsoft Visual Studio Solution File, Format Version 12.00
# Visual Studio Version 16
VisualStudioVersion = 16.0.29509.3
MinimumVisualStudioVersion = 10.0.40219.1
Project("{FAE04EC0-301F-11D3-BF4B-00C04F79EFBC}") = "IndexConsole", "IndexConsole\IndexConsole.csproj", "{0B3B4BFE-D070-4CF7-A116-A12EFFBAE14F}"
EndProject
Global
	GlobalSection(SolutionConfigurationPlatforms) = preSolution
		Debug|Any CPU = Debug|Any CPU
		Release|Any CPU = Release|Any CPU
	EndGlobalSection
	GlobalSection(ProjectConfigurationPlatforms) = postSolution
		{0B3B4BFE-D070-4CF7-A116-A12EFFBAE14F}.Debug|Any CPU.ActiveCfg = Debug|Any CPU
		{0B3B4BFE-D070-4CF7-A116-A12EFFBAE14F}.Debug|Any CPU.Build.0 = Debug|Any CPU
		{0B3B4BFE-D070-4CF7-A116-A12EFFBAE14F}.Release|Any CPU.ActiveCfg = Release|Any CPU
		{0B3B4BFE-D070-4CF7-A116-A12EFFBAE14F}.Release|Any CPU.Build.0 = Release|Any CPU
	EndGlobalSection
	GlobalSection(SolutionProperties) = preSolution
		HideSolutionNode = FALSE
	EndGlobalSection
	GlobalSection(ExtensibilityGlobals) = postSolution
		SolutionGuid = {E10A4380-7A31-48AB-8B72-AE3DACA1600D}
	EndGlobalSection
EndGlobal
